<Solution>
  <Folder Name="/src/" />
  <Folder Name="/src/auth/" />
  <Folder Name="/src/auth/Auth.Api/">
    <Project Path="src/auth/Auth.Api/TeamFlow.Auth.Api.csproj" />
  </Folder>
  <Folder Name="/src/common/">
    <Project Path="src/common/TeamFlow.Common/TeamFlow.Common.csproj" Id="442b9893-fea6-4d65-91c2-2c1050a140b7" />
  </Folder>
  <Folder Name="/src/db/">
    <Project Path="src/db/TeamFlow.DB/TeamFlow.DB.csproj" Id="2bb25a54-96a6-4872-8ade-9126f7dfcad5" />
    <Project Path="src/db/TeamFlow.Migrator/TeamFlow.Migrator.csproj" Id="6e7705cc-be38-4c34-a61a-69cd9b091374" />
  </Folder>
  <Folder Name="/src/project/">
    <Project Path="src/project/TeamFlow.Project.Services/TeamFlow.Projects.Repository.csproj" Id="d9b6bb28-f3e3-4a58-a631-1ca636fccd1a" />
    <Project Path="src/project/TeamFlow.Projects.Api/TeamFlow.Projects.Api.csproj" Id="ebc21eb3-4b3b-4383-8a28-bdc6331855ca" />
  </Folder>
</Solution>
