<Solution>
  <Folder Name="/src/" />
  <Folder Name="/src/auth/" />
  <Folder Name="/src/auth/Auth.Api/">
    <Project Path="src/auth/Auth.Api/TeamFlow.Auth.Api.csproj" />
  </Folder>
  <Folder Name="/src/common/">
    <Project Path="src/common/TeamFlow.Common/TeamFlow.Common.csproj" Id="442b9893-fea6-4d65-91c2-2c1050a140b7" />
  </Folder>
</Solution>
